
Microsoft Visual Studio Solution File, Format Version 12.00
# Visual Studio Version 17
VisualStudioVersion = 17.5.33502.453
MinimumVisualStudioVersion = 10.0.40219.1
Project("{9A19103F-16F7-4668-BE54-9A1E7A4F7556}") = "Zaj1", "Zaj1\Zaj1.csproj", "{5533C859-7BDB-4A41-8C23-4C0EE6ED4D4C}"
EndProject
Project("{FAE04EC0-301F-11D3-BF4B-00C04F79EFBC}") = "Zaj2", "Zaj2\Zaj2.csproj", "{1651BD7C-C45B-4696-B25E-C124FAF4F7A6}"
EndProject
Global
	GlobalSection(SolutionConfigurationPlatforms) = preSolution
		Debug|Any CPU = Debug|Any CPU
		Release|Any CPU = Release|Any CPU
	EndGlobalSection
	GlobalSection(ProjectConfigurationPlatforms) = postSolution
		{5533C859-7BDB-4A41-8C23-4C0EE6ED4D4C}.Debug|Any CPU.ActiveCfg = Debug|Any CPU
		{5533C859-7BDB-4A41-8C23-4C0EE6ED4D4C}.Debug|Any CPU.Build.0 = Debug|Any CPU
		{5533C859-7BDB-4A41-8C23-4C0EE6ED4D4C}.Release|Any CPU.ActiveCfg = Release|Any CPU
		{5533C859-7BDB-4A41-8C23-4C0EE6ED4D4C}.Release|Any CPU.Build.0 = Release|Any CPU
		{1651BD7C-C45B-4696-B25E-C124FAF4F7A6}.Debug|Any CPU.ActiveCfg = Debug|Any CPU
		{1651BD7C-C45B-4696-B25E-C124FAF4F7A6}.Debug|Any CPU.Build.0 = Debug|Any CPU
		{1651BD7C-C45B-4696-B25E-C124FAF4F7A6}.Release|Any CPU.ActiveCfg = Release|Any CPU
		{1651BD7C-C45B-4696-B25E-C124FAF4F7A6}.Release|Any CPU.Build.0 = Release|Any CPU
	EndGlobalSection
	GlobalSection(SolutionProperties) = preSolution
		HideSolutionNode = FALSE
	EndGlobalSection
	GlobalSection(ExtensibilityGlobals) = postSolution
		SolutionGuid = {1408FB16-FAA2-4DCF-95C1-209BDDC16346}
	EndGlobalSection
EndGlobal
